
Microsoft Visual Studio Solution File, Format Version 12.00
# Visual Studio Version 16
VisualStudioVersion = 16.0.809.9
MinimumVisualStudioVersion = 10.0.40219.1
Project("{FAE04EC0-301F-11D3-BF4B-00C04F79EFBC}") = "Pruebas_componentes.Android", "Pruebas_componentes.Android\Pruebas_componentes.Android.csproj", "{3CFB8C95-C832-4925-8BEA-9114A57F1A2B}"
EndProject
Project("{FAE04EC0-301F-11D3-BF4B-00C04F79EFBC}") = "Pruebas_componentes.iOS", "Pruebas_componentes.iOS\Pruebas_componentes.iOS.csproj", "{E46B4212-02BD-4F5C-BFD6-4BC685A2B609}"
EndProject
Project("{FAE04EC0-301F-11D3-BF4B-00C04F79EFBC}") = "Pruebas_componentes.UITests", "Pruebas_componentes.UITests\Pruebas_componentes.UITests.csproj", "{E0385D20-BE95-4066-9C72-4E1AACAC4E51}"
EndProject
Project("{FAE04EC0-301F-11D3-BF4B-00C04F79EFBC}") = "Pruebas_componentes", "Pruebas_componentes\Pruebas_componentes.csproj", "{F494103E-AEB7-449A-87F3-E58EAFEF065F}"
EndProject
Global
	GlobalSection(SolutionConfigurationPlatforms) = preSolution
		Debug|Any CPU = Debug|Any CPU
		Release|Any CPU = Release|Any CPU
		Debug|iPhoneSimulator = Debug|iPhoneSimulator
		Release|iPhoneSimulator = Release|iPhoneSimulator
		Debug|iPhone = Debug|iPhone
		Release|iPhone = Release|iPhone
	EndGlobalSection
	GlobalSection(ProjectConfigurationPlatforms) = postSolution
		{3CFB8C95-C832-4925-8BEA-9114A57F1A2B}.Debug|Any CPU.ActiveCfg = Debug|Any CPU
		{3CFB8C95-C832-4925-8BEA-9114A57F1A2B}.Debug|Any CPU.Build.0 = Debug|Any CPU
		{3CFB8C95-C832-4925-8BEA-9114A57F1A2B}.Release|Any CPU.ActiveCfg = Release|Any CPU
		{3CFB8C95-C832-4925-8BEA-9114A57F1A2B}.Release|Any CPU.Build.0 = Release|Any CPU
		{3CFB8C95-C832-4925-8BEA-9114A57F1A2B}.Debug|iPhoneSimulator.ActiveCfg = Debug|Any CPU
		{3CFB8C95-C832-4925-8BEA-9114A57F1A2B}.Debug|iPhoneSimulator.Build.0 = Debug|Any CPU
		{3CFB8C95-C832-4925-8BEA-9114A57F1A2B}.Release|iPhoneSimulator.ActiveCfg = Release|Any CPU
		{3CFB8C95-C832-4925-8BEA-9114A57F1A2B}.Release|iPhoneSimulator.Build.0 = Release|Any CPU
		{3CFB8C95-C832-4925-8BEA-9114A57F1A2B}.Debug|iPhone.ActiveCfg = Debug|Any CPU
		{3CFB8C95-C832-4925-8BEA-9114A57F1A2B}.Debug|iPhone.Build.0 = Debug|Any CPU
		{3CFB8C95-C832-4925-8BEA-9114A57F1A2B}.Release|iPhone.ActiveCfg = Release|Any CPU
		{3CFB8C95-C832-4925-8BEA-9114A57F1A2B}.Release|iPhone.Build.0 = Release|Any CPU
		{E46B4212-02BD-4F5C-BFD6-4BC685A2B609}.Debug|Any CPU.ActiveCfg = Debug|iPhoneSimulator
		{E46B4212-02BD-4F5C-BFD6-4BC685A2B609}.Debug|Any CPU.Build.0 = Debug|iPhoneSimulator
		{E46B4212-02BD-4F5C-BFD6-4BC685A2B609}.Release|Any CPU.ActiveCfg = Release|iPhoneSimulator
		{E46B4212-02BD-4F5C-BFD6-4BC685A2B609}.Release|Any CPU.Build.0 = Release|iPhoneSimulator
		{E46B4212-02BD-4F5C-BFD6-4BC685A2B609}.Debug|iPhoneSimulator.ActiveCfg = Debug|iPhoneSimulator
		{E46B4212-02BD-4F5C-BFD6-4BC685A2B609}.Debug|iPhoneSimulator.Build.0 = Debug|iPhoneSimulator
		{E46B4212-02BD-4F5C-BFD6-4BC685A2B609}.Release|iPhoneSimulator.ActiveCfg = Release|iPhoneSimulator
		{E46B4212-02BD-4F5C-BFD6-4BC685A2B609}.Release|iPhoneSimulator.Build.0 = Release|iPhoneSimulator
		{E46B4212-02BD-4F5C-BFD6-4BC685A2B609}.Debug|iPhone.ActiveCfg = Debug|iPhone
		{E46B4212-02BD-4F5C-BFD6-4BC685A2B609}.Debug|iPhone.Build.0 = Debug|iPhone
		{E46B4212-02BD-4F5C-BFD6-4BC685A2B609}.Release|iPhone.ActiveCfg = Release|iPhone
		{E46B4212-02BD-4F5C-BFD6-4BC685A2B609}.Release|iPhone.Build.0 = Release|iPhone
		{E0385D20-BE95-4066-9C72-4E1AACAC4E51}.Debug|Any CPU.ActiveCfg = Debug|Any CPU
		{E0385D20-BE95-4066-9C72-4E1AACAC4E51}.Debug|Any CPU.Build.0 = Debug|Any CPU
		{E0385D20-BE95-4066-9C72-4E1AACAC4E51}.Release|Any CPU.ActiveCfg = Release|Any CPU
		{E0385D20-BE95-4066-9C72-4E1AACAC4E51}.Release|Any CPU.Build.0 = Release|Any CPU
		{E0385D20-BE95-4066-9C72-4E1AACAC4E51}.Debug|iPhoneSimulator.ActiveCfg = Debug|Any CPU
		{E0385D20-BE95-4066-9C72-4E1AACAC4E51}.Debug|iPhoneSimulator.Build.0 = Debug|Any CPU
		{E0385D20-BE95-4066-9C72-4E1AACAC4E51}.Release|iPhoneSimulator.ActiveCfg = Release|Any CPU
		{E0385D20-BE95-4066-9C72-4E1AACAC4E51}.Release|iPhoneSimulator.Build.0 = Release|Any CPU
		{E0385D20-BE95-4066-9C72-4E1AACAC4E51}.Debug|iPhone.ActiveCfg = Debug|Any CPU
		{E0385D20-BE95-4066-9C72-4E1AACAC4E51}.Debug|iPhone.Build.0 = Debug|Any CPU
		{E0385D20-BE95-4066-9C72-4E1AACAC4E51}.Release|iPhone.ActiveCfg = Release|Any CPU
		{E0385D20-BE95-4066-9C72-4E1AACAC4E51}.Release|iPhone.Build.0 = Release|Any CPU
		{F494103E-AEB7-449A-87F3-E58EAFEF065F}.Debug|Any CPU.ActiveCfg = Debug|Any CPU
		{F494103E-AEB7-449A-87F3-E58EAFEF065F}.Debug|Any CPU.Build.0 = Debug|Any CPU
		{F494103E-AEB7-449A-87F3-E58EAFEF065F}.Release|Any CPU.ActiveCfg = Release|Any CPU
		{F494103E-AEB7-449A-87F3-E58EAFEF065F}.Release|Any CPU.Build.0 = Release|Any CPU
		{F494103E-AEB7-449A-87F3-E58EAFEF065F}.Debug|iPhoneSimulator.ActiveCfg = Debug|Any CPU
		{F494103E-AEB7-449A-87F3-E58EAFEF065F}.Debug|iPhoneSimulator.Build.0 = Debug|Any CPU
		{F494103E-AEB7-449A-87F3-E58EAFEF065F}.Release|iPhoneSimulator.ActiveCfg = Release|Any CPU
		{F494103E-AEB7-449A-87F3-E58EAFEF065F}.Release|iPhoneSimulator.Build.0 = Release|Any CPU
		{F494103E-AEB7-449A-87F3-E58EAFEF065F}.Debug|iPhone.ActiveCfg = Debug|Any CPU
		{F494103E-AEB7-449A-87F3-E58EAFEF065F}.Debug|iPhone.Build.0 = Debug|Any CPU
		{F494103E-AEB7-449A-87F3-E58EAFEF065F}.Release|iPhone.ActiveCfg = Release|Any CPU
		{F494103E-AEB7-449A-87F3-E58EAFEF065F}.Release|iPhone.Build.0 = Release|Any CPU
	EndGlobalSection
	GlobalSection(SolutionProperties) = preSolution
		HideSolutionNode = FALSE
	EndGlobalSection
	GlobalSection(ExtensibilityGlobals) = postSolution
		SolutionGuid = {DF278FA7-0685-4F29-9A1F-84DE70F1E49C}
	EndGlobalSection
EndGlobal
